{
  "requires": true,
  "lockfileVersion": 1,
  "dependencies": {
    "jquery": {
      "version": "3.3.1",
      "resolved": "https://registry.npmjs.org/jquery/-/jquery-3.3.1.tgz",
      "integrity": "sha512-Ubldcmxp5np52/ENotGxlLe6aGMvmF4R8S6tZjsP6Knsaxd/xp3Zrh50cG93lR6nPXyUFwzN3ZSOQI0wRJNdGg=="
    },
    "sweetalert2": {
      "version": "7.28.11",
      "resolved": "https://registry.npmjs.org/sweetalert2/-/sweetalert2-7.28.11.tgz",
      "integrity": "sha512-092ZTfHz45ZdH5wADNsfvSHG93Mn+QRc4vV96fIMECaeW38B7Fm77F7/cWO8Fwr8NaOHbzXDhsgTirMHcsnBAA=="
    }
  }
}
